PODS:
  - cdk_flutter (0.0.1):
    - Flutter
  - connectivity_plus (0.0.1):
    - Flutter
  - Flutter (1.0.0)
  - flutter_app_group_directory (0.0.1):
    - Flutter
  - flutter_fgbg (0.0.1):
    - Flutter
  - flutter_inappwebview_ios (0.0.1):
    - Flutter
    - flutter_inappwebview_ios/Core (= 0.0.1)
    - OrderedSet (~> 6.0.3)
  - flutter_inappwebview_ios/Core (0.0.1):
    - Flutter
    - OrderedSet (~> 6.0.3)
  - flutter_local_notifications (0.0.1):
    - Flutter
  - flutter_native_splash (2.4.3):
    - Flutter
  - flutter_secure_storage (6.0.0):
    - Flutter
  - image_picker_ios (0.0.1):
    - Flutter
  - mobile_scanner (7.0.0):
    - Flutter
    - FlutterMacOS
  - OrderedSet (6.0.3)
  - package_info_plus (0.4.5):
    - Flutter
  - path_provider_foundation (0.0.1):
    - Flutter
    - FlutterMacOS
  - PostHog (3.28.3)
  - posthog_flutter (0.0.1):
    - Flutter
    - FlutterMacOS
    - PostHog (~> 3.22)
  - share_plus (0.0.1):
    - Flutter
  - shared_preference_app_group (1.0.0):
    - Flutter
  - shared_preferences_foundation (0.0.1):
    - Flutter
    - FlutterMacOS
  - url_launcher_ios (0.0.1):
    - Flutter

DEPENDENCIES:
  - cdk_flutter (from `.symlinks/plugins/cdk_flutter/ios`)
  - connectivity_plus (from `.symlinks/plugins/connectivity_plus/ios`)
  - Flutter (from `Flutter`)
  - flutter_app_group_directory (from `.symlinks/plugins/flutter_app_group_directory/ios`)
  - flutter_fgbg (from `.symlinks/plugins/flutter_fgbg/ios`)
  - flutter_inappwebview_ios (from `.symlinks/plugins/flutter_inappwebview_ios/ios`)
  - flutter_local_notifications (from `.symlinks/plugins/flutter_local_notifications/ios`)
  - flutter_native_splash (from `.symlinks/plugins/flutter_native_splash/ios`)
  - flutter_secure_storage (from `.symlinks/plugins/flutter_secure_storage/ios`)
  - image_picker_ios (from `.symlinks/plugins/image_picker_ios/ios`)
  - mobile_scanner (from `.symlinks/plugins/mobile_scanner/darwin`)
  - package_info_plus (from `.symlinks/plugins/package_info_plus/ios`)
  - path_provider_foundation (from `.symlinks/plugins/path_provider_foundation/darwin`)
  - posthog_flutter (from `.symlinks/plugins/posthog_flutter/ios`)
  - share_plus (from `.symlinks/plugins/share_plus/ios`)
  - shared_preference_app_group (from `.symlinks/plugins/shared_preference_app_group/ios`)
  - shared_preferences_foundation (from `.symlinks/plugins/shared_preferences_foundation/darwin`)
  - url_launcher_ios (from `.symlinks/plugins/url_launcher_ios/ios`)

SPEC REPOS:
  trunk:
    - OrderedSet
    - PostHog

EXTERNAL SOURCES:
  cdk_flutter:
    :path: ".symlinks/plugins/cdk_flutter/ios"
  connectivity_plus:
    :path: ".symlinks/plugins/connectivity_plus/ios"
  Flutter:
    :path: Flutter
  flutter_app_group_directory:
    :path: ".symlinks/plugins/flutter_app_group_directory/ios"
  flutter_fgbg:
    :path: ".symlinks/plugins/flutter_fgbg/ios"
  flutter_inappwebview_ios:
    :path: ".symlinks/plugins/flutter_inappwebview_ios/ios"
  flutter_local_notifications:
    :path: ".symlinks/plugins/flutter_local_notifications/ios"
  flutter_native_splash:
    :path: ".symlinks/plugins/flutter_native_splash/ios"
  flutter_secure_storage:
    :path: ".symlinks/plugins/flutter_secure_storage/ios"
  image_picker_ios:
    :path: ".symlinks/plugins/image_picker_ios/ios"
  mobile_scanner:
    :path: ".symlinks/plugins/mobile_scanner/darwin"
  package_info_plus:
    :path: ".symlinks/plugins/package_info_plus/ios"
  path_provider_foundation:
    :path: ".symlinks/plugins/path_provider_foundation/darwin"
  posthog_flutter:
    :path: ".symlinks/plugins/posthog_flutter/ios"
  share_plus:
    :path: ".symlinks/plugins/share_plus/ios"
  shared_preference_app_group:
    :path: ".symlinks/plugins/shared_preference_app_group/ios"
  shared_preferences_foundation:
    :path: ".symlinks/plugins/shared_preferences_foundation/darwin"
  url_launcher_ios:
    :path: ".symlinks/plugins/url_launcher_ios/ios"

SPEC CHECKSUMS:
  cdk_flutter: 2491a6dbeea411a321ac046651ed6c73c13a40b8
  connectivity_plus: cb623214f4e1f6ef8fe7403d580fdad517d2f7dd
  Flutter: e0871f40cf51350855a761d2e70bf5af5b9b5de7
  flutter_app_group_directory: 55b5362007d1c0cb45dc1dd1e94f67d615f45a6b
  flutter_fgbg: d3da78df78454b1808f0829a5da9cd17dfe16444
  flutter_inappwebview_ios: b89ba3482b96fb25e00c967aae065701b66e9b99
  flutter_local_notifications: a5a732f069baa862e728d839dd2ebb904737effb
  flutter_native_splash: c32d145d68aeda5502d5f543ee38c192065986cf
  flutter_secure_storage: 1ed9476fba7e7a782b22888f956cce43e2c62f13
  image_picker_ios: 7fe1ff8e34c1790d6fff70a32484959f563a928a
  mobile_scanner: 9157936403f5a0644ca3779a38ff8404c5434a93
  OrderedSet: e539b66b644ff081c73a262d24ad552a69be3a94
  package_info_plus: af8e2ca6888548050f16fa2f1938db7b5a5df499
  path_provider_foundation: 080d55be775b7414fd5a5ef3ac137b97b097e564
  PostHog: 14f3c4630bebda24d2f4c4ca358937d4b868370e
  posthog_flutter: 631ab870f7daf1ed190deeb2414eb3e347445f37
  share_plus: 50da8cb520a8f0f65671c6c6a99b3617ed10a58a
  shared_preference_app_group: 7422922a188e05cf680a656e18e2786dcb5c58b3
  shared_preferences_foundation: 9e1978ff2562383bd5676f64ec4e9aa8fa06a6f7
  url_launcher_ios: 694010445543906933d732453a59da0a173ae33d

PODFILE CHECKSUM: 251cb053df7158f337c0712f2ab29f4e0fa474ce

COCOAPODS: 1.16.2
